
Microsoft Visual Studio Solution File, Format Version 12.00
# Visual Studio Version 17
VisualStudioVersion = 17.3.32929.385
MinimumVisualStudioVersion = 10.0.40219.1
Project("{9A19103F-16F7-4668-BE54-9A1E7A4F7556}") = "MyProject", "MyProject.csproj", "{F377F3CC-D42E-40F0-8604-23AD68E206A5}"
EndProject
Global
	GlobalSection(SolutionConfigurationPlatforms) = preSolution
		Debug|Any CPU = Debug|Any CPU
		Release|Any CPU = Release|Any CPU
	EndGlobalSection
	GlobalSection(ProjectConfigurationPlatforms) = postSolution
		{F377F3CC-D42E-40F0-8604-23AD68E206A5}.Debug|Any CPU.ActiveCfg = Debug|Any CPU
		{F377F3CC-D42E-40F0-8604-23AD68E206A5}.Debug|Any CPU.Build.0 = Debug|Any CPU
		{F377F3CC-D42E-40F0-8604-23AD68E206A5}.Release|Any CPU.ActiveCfg = Release|Any CPU
		{F377F3CC-D42E-40F0-8604-23AD68E206A5}.Release|Any CPU.Build.0 = Release|Any CPU
	EndGlobalSection
	GlobalSection(SolutionProperties) = preSolution
		HideSolutionNode = FALSE
	EndGlobalSection
	GlobalSection(ExtensibilityGlobals) = postSolution
		SolutionGuid = {6B185932-C1A9-4D25-8452-640B91505A42}
	EndGlobalSection
EndGlobal
